
Microsoft Visual Studio Solution File, Format Version 12.00
Project("{FAE04EC0-301F-11D3-BF4B-00C04F79EFBC}") = "SCP-3108", "SCP-3108\SCP-3108.csproj", "{18A35A8D-08A6-4DA4-A39C-8287A98790FB}"
EndProject
Global
	GlobalSection(SolutionConfigurationPlatforms) = preSolution
		Debug|Any CPU = Debug|Any CPU
		Release|Any CPU = Release|Any CPU
	EndGlobalSection
	GlobalSection(ProjectConfigurationPlatforms) = postSolution
		{18A35A8D-08A6-4DA4-A39C-8287A98790FB}.Debug|Any CPU.ActiveCfg = Debug|Any CPU
		{18A35A8D-08A6-4DA4-A39C-8287A98790FB}.Debug|Any CPU.Build.0 = Debug|Any CPU
		{18A35A8D-08A6-4DA4-A39C-8287A98790FB}.Release|Any CPU.ActiveCfg = Release|Any CPU
		{18A35A8D-08A6-4DA4-A39C-8287A98790FB}.Release|Any CPU.Build.0 = Release|Any CPU
	EndGlobalSection
EndGlobal
